<?xml version="1.0" encoding="utf-8"?>
<Project ToolsVersion="4.0" xmlns="http://schemas.microsoft.com/developer/msbuild/2003">
  <ItemGroup>
    <Filter Include="ソース ファイル">
      <UniqueIdentifier>{4FC737F1-C7A5-4376-A066-2A32D752A2FF}</UniqueIdentifier>
      <Extensions>cpp;c;cc;cxx;def;odl;idl;hpj;bat;asm;asmx</Extensions>
    </Filter>
    <Filter Include="ヘッダー ファイル">
      <UniqueIdentifier>{93995380-89BD-4b04-88EB-625FBE52EBFB}</UniqueIdentifier>
      <Extensions>h;hh;hpp;hxx;hm;inl;inc;xsd</Extensions>
    </Filter>
    <Filter Include="リソース ファイル">
      <UniqueIdentifier>{67DA6AB6-F800-4c08-8B7A-83BB121AAD01}</UniqueIdentifier>
      <Extensions>rc;ico;cur;bmp;dlg;rc2;rct;bin;rgs;gif;jpg;jpeg;jpe;resx;tiff;tif;png;wav;mfcribbon-ms</Extensions>
    </Filter>
    <Filter Include="ソース ファイル\polygon2d">
      <UniqueIdentifier>{9bd4610a-ca04-4f69-bc3a-b089dd43daf4}</UniqueIdentifier>
    </Filter>
    <Filter Include="ソース ファイル\polygon3d">
      <UniqueIdentifier>{d42eaf71-823d-45bb-9cc1-4fd54f0febcf}</UniqueIdentifier>
    </Filter>
    <Filter Include="ソース ファイル\character">
      <UniqueIdentifier>{81385245-9e9a-4604-a751-2116b33b3926}</UniqueIdentifier>
    </Filter>
    <Filter Include="ソース ファイル\camera">
      <UniqueIdentifier>{9567d469-493b-4083-a71d-e684664406da}</UniqueIdentifier>
    </Filter>
    <Filter Include="ソース ファイル\Scene3D">
      <UniqueIdentifier>{73430411-8b2f-43d5-8d3c-02103a7bafcd}</UniqueIdentifier>
    </Filter>
    <Filter Include="ソース ファイル\input">
      <UniqueIdentifier>{f2270f09-77d6-4f5e-9a2c-02d4100b1df9}</UniqueIdentifier>
    </Filter>
  </ItemGroup>
  <ItemGroup>
    <ClCompile Include="manager.cpp">
      <Filter>ソース ファイル</Filter>
    </ClCompile>
    <ClCompile Include="input.cpp">
      <Filter>ソース ファイル\input</Filter>
    </ClCompile>
    <ClCompile Include="keyboard.cpp">
      <Filter>ソース ファイル\input</Filter>
    </ClCompile>
    <ClCompile Include="main.cpp">
      <Filter>ソース ファイル</Filter>
    </ClCompile>
    <ClCompile Include="object.cpp">
      <Filter>ソース ファイル</Filter>
    </ClCompile>
    <ClCompile Include="renderer.cpp">
      <Filter>ソース ファイル</Filter>
    </ClCompile>
    <ClCompile Include="library.cpp">
      <Filter>ソース ファイル</Filter>
    </ClCompile>
    <ClCompile Include="field.cpp">
      <Filter>ソース ファイル\polygon3d</Filter>
    </ClCompile>
    <ClCompile Include="camera_player.cpp">
      <Filter>ソース ファイル\camera</Filter>
    </ClCompile>
    <ClCompile Include="camera.cpp">
      <Filter>ソース ファイル\camera</Filter>
    </ClCompile>
    <ClCompile Include="character.cpp">
      <Filter>ソース ファイル\character</Filter>
    </ClCompile>
    <ClCompile Include="animation.cpp">
      <Filter>ソース ファイル\character</Filter>
    </ClCompile>
    <ClCompile Include="model.cpp">
      <Filter>ソース ファイル\character</Filter>
    </ClCompile>
    <ClCompile Include="polygon2d.cpp">
      <Filter>ソース ファイル\polygon2d</Filter>
    </ClCompile>
    <ClCompile Include="polygon3d.cpp">
      <Filter>ソース ファイル\polygon3d</Filter>
    </ClCompile>
    <ClCompile Include="camera_portal.cpp">
      <Filter>ソース ファイル\camera</Filter>
    </ClCompile>
    <ClCompile Include="portal.cpp">
      <Filter>ソース ファイル\polygon3d</Filter>
    </ClCompile>
    <ClCompile Include="scene3d.cpp">
      <Filter>ソース ファイル\Scene3D</Filter>
    </ClCompile>
    <ClCompile Include="Button.cpp">
      <Filter>ソース ファイル\Scene3D</Filter>
    </ClCompile>
    <ClCompile Include="light.cpp">
      <Filter>ソース ファイル</Filter>
    </ClCompile>
    <ClCompile Include="Dropper.cpp">
      <Filter>ソース ファイル\Scene3D</Filter>
    </ClCompile>
    <ClCompile Include="Cube.cpp">
      <Filter>ソース ファイル\Scene3D</Filter>
    </ClCompile>
    <ClCompile Include="player.cpp">
      <Filter>ソース ファイル\character</Filter>
    </ClCompile>
    <ClCompile Include="collision.cpp">
      <Filter>ソース ファイル</Filter>
    </ClCompile>
    <ClCompile Include="tile.cpp">
      <Filter>ソース ファイル</Filter>
    </ClCompile>
  </ItemGroup>
  <ItemGroup>
    <ClInclude Include="input.h">
      <Filter>ソース ファイル\input</Filter>
    </ClInclude>
    <ClInclude Include="keyboard.h">
      <Filter>ソース ファイル\input</Filter>
    </ClInclude>
    <ClInclude Include="field.h">
      <Filter>ソース ファイル\polygon3d</Filter>
    </ClInclude>
    <ClInclude Include="camera_player.h">
      <Filter>ソース ファイル\camera</Filter>
    </ClInclude>
    <ClInclude Include="camera.h">
      <Filter>ソース ファイル\camera</Filter>
    </ClInclude>
    <ClInclude Include="character.h">
      <Filter>ソース ファイル\character</Filter>
    </ClInclude>
    <ClInclude Include="animation.h">
      <Filter>ソース ファイル\character</Filter>
    </ClInclude>
    <ClInclude Include="model.h">
      <Filter>ソース ファイル\character</Filter>
    </ClInclude>
    <ClInclude Include="polygon3d.h">
      <Filter>ソース ファイル\polygon3d</Filter>
    </ClInclude>
    <ClInclude Include="polygon2d.h">
      <Filter>ソース ファイル\polygon2d</Filter>
    </ClInclude>
    <ClInclude Include="camera_portal.h">
      <Filter>ソース ファイル\camera</Filter>
    </ClInclude>
    <ClInclude Include="portal.h">
      <Filter>ソース ファイル\polygon3d</Filter>
    </ClInclude>
    <ClInclude Include="scene3d.h">
      <Filter>ソース ファイル\Scene3D</Filter>
    </ClInclude>
    <ClInclude Include="Button.h">
      <Filter>ソース ファイル\Scene3D</Filter>
    </ClInclude>
    <ClInclude Include="Dropper.h">
      <Filter>ソース ファイル\Scene3D</Filter>
    </ClInclude>
    <ClInclude Include="Cube.h">
      <Filter>ソース ファイル\Scene3D</Filter>
    </ClInclude>
    <ClInclude Include="renderer.h">
      <Filter>ソース ファイル</Filter>
    </ClInclude>
    <ClInclude Include="library.h">
      <Filter>ソース ファイル</Filter>
    </ClInclude>
    <ClInclude Include="light.h">
      <Filter>ソース ファイル</Filter>
    </ClInclude>
    <ClInclude Include="main.h">
      <Filter>ソース ファイル</Filter>
    </ClInclude>
    <ClInclude Include="manager.h">
      <Filter>ソース ファイル</Filter>
    </ClInclude>
    <ClInclude Include="object.h">
      <Filter>ソース ファイル</Filter>
    </ClInclude>
    <ClInclude Include="player.h">
      <Filter>ソース ファイル\character</Filter>
    </ClInclude>
    <ClInclude Include="collision.h">
      <Filter>ソース ファイル</Filter>
    </ClInclude>
    <ClInclude Include="tile.h">
      <Filter>ソース ファイル</Filter>
    </ClInclude>
  </ItemGroup>
</Project>